{
  "originHash" : "78ee7f68d815143255ef3700bf8637869c7f5b0fae56214da2434eaa7393a85f",
  "pins" : [
    {
      "identity" : "concurrentstream",
      "kind" : "remoteSourceControl",
      "location" : "https://www.github.com/Vaida12345/ConcurrentStream.git",
      "state" : {
        "revision" : "f7f52360f322efc754c911b9c83df423055a694e",
        "version" : "1.0.1"
      }
    },
    {
      "identity" : "detaileddescription",
      "kind" : "remoteSourceControl",
      "location" : "https://www.github.com/Vaida12345/DetailedDescription",
      "state" : {
        "revision" : "d9726110ad54474071bf7fac6c2d256d44b1fa63",
        "version" : "2.0.7"
      }
    },
    {
      "identity" : "essentials",
      "kind" : "remoteSourceControl",
      "location" : "https://www.github.com/Vaida12345/Essentials",
      "state" : {
        "revision" : "f177c1101c3cda5caf1c581cac3d1868dfcbcc49",
        "version" : "1.1.1"
      }
    },
    {
      "identity" : "finderitem",
      "kind" : "remoteSourceControl",
      "location" : "https://www.github.com/Vaida12345/FinderItem",
      "state" : {
        "revision" : "b4b6bda1c7f1b0ead3286269ab941acfae7cc838",
        "version" : "1.0.16"
      }
    },
    {
      "identity" : "nativeimage",
      "kind" : "remoteSourceControl",
      "location" : "https://www.github.com/Vaida12345/NativeImage",
      "state" : {
        "revision" : "c3c562710f058caa9fcbaba2c20ba3e3f404d7ec",
        "version" : "1.0.2"
      }
    },
    {
      "identity" : "optimization",
      "kind" : "remoteSourceControl",
      "location" : "https://www.github.com/Vaida12345/Optimization",
      "state" : {
        "revision" : "106a073168e768c20f00fb1ef354cbceb89ec1dd",
        "version" : "1.0.10"
      }
    },
    {
      "identity" : "swift-flac",
      "kind" : "remoteSourceControl",
      "location" : "https://www.github.com/Vaida12345/Swift-FLAC",
      "state" : {
        "revision" : "11f8d08a5b0b1b521f39ea0f01661eac18bc5b78",
        "version" : "1.0.6"
      }
    }
  ],
  "version" : 3
}
