{
  "originHash" : "38894060359ae051da6ea1339ebf6baad442e010d00b96dca195d3e22f4f6537",
  "pins" : [
    {
      "identity" : "concurrentstream",
      "kind" : "remoteSourceControl",
      "location" : "https://www.github.com/Vaida12345/ConcurrentStream.git",
      "state" : {
        "revision" : "1b00d06264105dfa9787a1b0fbe6cfd29e4cef80",
        "version" : "0.1.1"
      }
    },
    {
      "identity" : "detaileddescription",
      "kind" : "remoteSourceControl",
      "location" : "https://www.github.com/Vaida12345/DetailedDescription.git",
      "state" : {
        "revision" : "30d0c3d0fd0c21f42db6d91d44263b1f0dc3bfd0",
        "version" : "2.0.4"
      }
    },
    {
      "identity" : "essentials",
      "kind" : "remoteSourceControl",
      "location" : "https://www.github.com/Vaida12345/Essentials",
      "state" : {
        "revision" : "a24b48575e20f520b9af5b62867cb5621987c54c",
        "version" : "1.0.37"
      }
    },
    {
      "identity" : "finderitem",
      "kind" : "remoteSourceControl",
      "location" : "https://www.github.com/Vaida12345/FinderItem",
      "state" : {
        "revision" : "6c31b88e3fa2539f35289cb8ef705fc45adc7ed9",
        "version" : "1.0.14"
      }
    },
    {
      "identity" : "nativeimage",
      "kind" : "remoteSourceControl",
      "location" : "https://www.github.com/Vaida12345/NativeImage",
      "state" : {
        "revision" : "c3c562710f058caa9fcbaba2c20ba3e3f404d7ec",
        "version" : "1.0.2"
      }
    },
    {
      "identity" : "optimization",
      "kind" : "remoteSourceControl",
      "location" : "https://www.github.com/Vaida12345/Optimization",
      "state" : {
        "revision" : "d2604a0e5adcdfb718e151cd8aba9810cb6ce156",
        "version" : "1.0.8"
      }
    }
  ],
  "version" : 3
}
